{
  "name": "ajs-second",
  "version": "1.0.0",
  "lockfileVersion": 3,
  "requires": true,
  "packages": {
    "": {
      "name": "ajs-second",
      "version": "1.0.0",
      "license": "ISC",
      "dependencies": {
        "@ekaterinamarkeeva/ajs": "^1.0.0"
      }
    },
    "node_modules/@ekaterinamarkeeva/ajs": {
      "version": "1.0.0",
      "resolved": "https://npm.pkg.github.com/download/@ekaterinamarkeeva/ajs/1.0.0/56ddacb621383c6aa570873dde08590f2914bc9e",
      "integrity": "sha512-X2TTmijV7fN8vQZkouEHJiEZ32ebZIbE8QzGX8Efs4ZVo+IwHVOhMGzOPeg0wKV5/o1lsfma/Lg6lwUtSaMjVA==",
      "license": "ISC"
    }
  }
}
